
Microsoft Visual Studio Solution File, Format Version 12.00
# Visual Studio Version 17
VisualStudioVersion = 17.0.31903.59
MinimumVisualStudioVersion = 10.0.40219.1
Project("{FAE04EC0-301F-11D3-BF4B-00C04F79EFBC}") = "BugStore.Api", "BugStore.Api\BugStore.Api.csproj", "{BECA627D-92E9-47C2-BCDE-A108C35C8783}"
EndProject
Project("{FAE04EC0-301F-11D3-BF4B-00C04F79EFBC}") = "BugStore.Test", "BugStore.Test\BugStore.Test.csproj", "{1BF52BF3-589C-4515-88C1-196B893EA112}"
EndProject
Global
	GlobalSection(SolutionConfigurationPlatforms) = preSolution
		Debug|Any CPU = Debug|Any CPU
		Debug|x64 = Debug|x64
		Debug|x86 = Debug|x86
		Release|Any CPU = Release|Any CPU
		Release|x64 = Release|x64
		Release|x86 = Release|x86
	EndGlobalSection
	GlobalSection(ProjectConfigurationPlatforms) = postSolution
		{BECA627D-92E9-47C2-BCDE-A108C35C8783}.Debug|Any CPU.ActiveCfg = Debug|Any CPU
		{BECA627D-92E9-47C2-BCDE-A108C35C8783}.Debug|Any CPU.Build.0 = Debug|Any CPU
		{BECA627D-92E9-47C2-BCDE-A108C35C8783}.Debug|x64.ActiveCfg = Debug|Any CPU
		{BECA627D-92E9-47C2-BCDE-A108C35C8783}.Debug|x64.Build.0 = Debug|Any CPU
		{BECA627D-92E9-47C2-BCDE-A108C35C8783}.Debug|x86.ActiveCfg = Debug|Any CPU
		{BECA627D-92E9-47C2-BCDE-A108C35C8783}.Debug|x86.Build.0 = Debug|Any CPU
		{BECA627D-92E9-47C2-BCDE-A108C35C8783}.Release|Any CPU.ActiveCfg = Release|Any CPU
		{BECA627D-92E9-47C2-BCDE-A108C35C8783}.Release|Any CPU.Build.0 = Release|Any CPU
		{BECA627D-92E9-47C2-BCDE-A108C35C8783}.Release|x64.ActiveCfg = Release|Any CPU
		{BECA627D-92E9-47C2-BCDE-A108C35C8783}.Release|x64.Build.0 = Release|Any CPU
		{BECA627D-92E9-47C2-BCDE-A108C35C8783}.Release|x86.ActiveCfg = Release|Any CPU
		{BECA627D-92E9-47C2-BCDE-A108C35C8783}.Release|x86.Build.0 = Release|Any CPU
		{1BF52BF3-589C-4515-88C1-196B893EA112}.Debug|Any CPU.ActiveCfg = Debug|Any CPU
		{1BF52BF3-589C-4515-88C1-196B893EA112}.Debug|Any CPU.Build.0 = Debug|Any CPU
		{1BF52BF3-589C-4515-88C1-196B893EA112}.Debug|x64.ActiveCfg = Debug|Any CPU
		{1BF52BF3-589C-4515-88C1-196B893EA112}.Debug|x64.Build.0 = Debug|Any CPU
		{1BF52BF3-589C-4515-88C1-196B893EA112}.Debug|x86.ActiveCfg = Debug|Any CPU
		{1BF52BF3-589C-4515-88C1-196B893EA112}.Debug|x86.Build.0 = Debug|Any CPU
		{1BF52BF3-589C-4515-88C1-196B893EA112}.Release|Any CPU.ActiveCfg = Release|Any CPU
		{1BF52BF3-589C-4515-88C1-196B893EA112}.Release|Any CPU.Build.0 = Release|Any CPU
		{1BF52BF3-589C-4515-88C1-196B893EA112}.Release|x64.ActiveCfg = Release|Any CPU
		{1BF52BF3-589C-4515-88C1-196B893EA112}.Release|x64.Build.0 = Release|Any CPU
		{1BF52BF3-589C-4515-88C1-196B893EA112}.Release|x86.ActiveCfg = Release|Any CPU
		{1BF52BF3-589C-4515-88C1-196B893EA112}.Release|x86.Build.0 = Release|Any CPU
	EndGlobalSection
	GlobalSection(SolutionProperties) = preSolution
		HideSolutionNode = FALSE
	EndGlobalSection
EndGlobal
